
Microsoft Visual Studio Solution File, Format Version 12.00
# Visual Studio Version 16
VisualStudioVersion = 16.0.29503.13
MinimumVisualStudioVersion = 10.0.40219.1
Project("{FAE04EC0-301F-11D3-BF4B-00C04F79EFBC}") = "OnlineStore", "OnlineStore\OnlineStore.csproj", "{30540B0F-7AA2-403E-BEFE-84D13DA198FB}"
EndProject
Global
	GlobalSection(SolutionConfigurationPlatforms) = preSolution
		Debug|Any CPU = Debug|Any CPU
		Release|Any CPU = Release|Any CPU
	EndGlobalSection
	GlobalSection(ProjectConfigurationPlatforms) = postSolution
		{30540B0F-7AA2-403E-BEFE-84D13DA198FB}.Debug|Any CPU.ActiveCfg = Debug|Any CPU
		{30540B0F-7AA2-403E-BEFE-84D13DA198FB}.Debug|Any CPU.Build.0 = Debug|Any CPU
		{30540B0F-7AA2-403E-BEFE-84D13DA198FB}.Release|Any CPU.ActiveCfg = Release|Any CPU
		{30540B0F-7AA2-403E-BEFE-84D13DA198FB}.Release|Any CPU.Build.0 = Release|Any CPU
	EndGlobalSection
	GlobalSection(SolutionProperties) = preSolution
		HideSolutionNode = FALSE
	EndGlobalSection
	GlobalSection(ExtensibilityGlobals) = postSolution
		SolutionGuid = {10963519-9C95-4D3B-9BCD-1D3A91D3FEB7}
	EndGlobalSection
EndGlobal
